
Microsoft Visual Studio Solution File, Format Version 12.00
# Visual Studio Version 16
VisualStudioVersion = 16.0.29806.167
MinimumVisualStudioVersion = 10.0.40219.1
Project("{9A19103F-16F7-4668-BE54-9A1E7A4F7556}") = "MoviePick", "MoviePick\MoviePick.csproj", "{4D5DEC73-0CBD-4869-84ED-832F07282C6E}"
EndProject
Project("{9A19103F-16F7-4668-BE54-9A1E7A4F7556}") = "MoviePick.Data", "MoviePick.Data\MoviePick.Data.csproj", "{F1C6E348-C285-425F-86BB-818A1997E92C}"
EndProject
Project("{2150E333-8FDC-42A3-9474-1A3956D46DE8}") = "UI", "UI", "{67BF377B-0F87-426D-B8E6-09CE0FB5368F}"
EndProject
Project("{FAE04EC0-301F-11D3-BF4B-00C04F79EFBC}") = "MoviePick.WindowsFormsUI", "MoviePick.WindowsFormsUI\MoviePick.WindowsFormsUI.csproj", "{2BEB8F16-02D4-4719-9FF0-71A63527088A}"
EndProject
Project("{2150E333-8FDC-42A3-9474-1A3956D46DE8}") = "UI.Mobile", "UI.Mobile", "{E7653D6F-3E00-422F-8836-2C1815C1ABAB}"
EndProject
Project("{FAE04EC0-301F-11D3-BF4B-00C04F79EFBC}") = "MoviePick.MobileUI.UWP", "MoviePick.MobileUI\MoviePick.MobileUI.UWP\MoviePick.MobileUI.UWP.csproj", "{CB0543C8-ECAE-4346-8D94-9E53A6FF4299}"
EndProject
Project("{FAE04EC0-301F-11D3-BF4B-00C04F79EFBC}") = "MoviePick.MobileUI.Android", "MoviePick.MobileUI\MoviePick.MobileUI.Android\MoviePick.MobileUI.Android.csproj", "{3988C542-C57C-4BCA-B382-9D3FD46F49E1}"
EndProject
Project("{FAE04EC0-301F-11D3-BF4B-00C04F79EFBC}") = "MoviePick.MobileUI.iOS", "MoviePick.MobileUI\MoviePick.MobileUI.iOS\MoviePick.MobileUI.iOS.csproj", "{50C08D6C-4932-4E11-907F-5948E5D56465}"
EndProject
Project("{FAE04EC0-301F-11D3-BF4B-00C04F79EFBC}") = "MoviePick.MobileUI", "MoviePick.MobileUI\MoviePick.MobileUI\MoviePick.MobileUI.csproj", "{A4AA145F-C5E5-4BDB-9544-255C9E749FFC}"
EndProject
Global
	GlobalSection(SolutionConfigurationPlatforms) = preSolution
		Debug|Any CPU = Debug|Any CPU
		Debug|ARM = Debug|ARM
		Debug|iPhone = Debug|iPhone
		Debug|iPhoneSimulator = Debug|iPhoneSimulator
		Debug|x64 = Debug|x64
		Debug|x86 = Debug|x86
		Release|Any CPU = Release|Any CPU
		Release|ARM = Release|ARM
		Release|iPhone = Release|iPhone
		Release|iPhoneSimulator = Release|iPhoneSimulator
		Release|x64 = Release|x64
		Release|x86 = Release|x86
	EndGlobalSection
	GlobalSection(ProjectConfigurationPlatforms) = postSolution
		{4D5DEC73-0CBD-4869-84ED-832F07282C6E}.Debug|Any CPU.ActiveCfg = Debug|Any CPU
		{4D5DEC73-0CBD-4869-84ED-832F07282C6E}.Debug|Any CPU.Build.0 = Debug|Any CPU
		{4D5DEC73-0CBD-4869-84ED-832F07282C6E}.Debug|ARM.ActiveCfg = Debug|Any CPU
		{4D5DEC73-0CBD-4869-84ED-832F07282C6E}.Debug|ARM.Build.0 = Debug|Any CPU
		{4D5DEC73-0CBD-4869-84ED-832F07282C6E}.Debug|iPhone.ActiveCfg = Debug|Any CPU
		{4D5DEC73-0CBD-4869-84ED-832F07282C6E}.Debug|iPhone.Build.0 = Debug|Any CPU
		{4D5DEC73-0CBD-4869-84ED-832F07282C6E}.Debug|iPhoneSimulator.ActiveCfg = Debug|Any CPU
		{4D5DEC73-0CBD-4869-84ED-832F07282C6E}.Debug|iPhoneSimulator.Build.0 = Debug|Any CPU
		{4D5DEC73-0CBD-4869-84ED-832F07282C6E}.Debug|x64.ActiveCfg = Debug|Any CPU
		{4D5DEC73-0CBD-4869-84ED-832F07282C6E}.Debug|x64.Build.0 = Debug|Any CPU
		{4D5DEC73-0CBD-4869-84ED-832F07282C6E}.Debug|x86.ActiveCfg = Debug|Any CPU
		{4D5DEC73-0CBD-4869-84ED-832F07282C6E}.Debug|x86.Build.0 = Debug|Any CPU
		{4D5DEC73-0CBD-4869-84ED-832F07282C6E}.Release|Any CPU.ActiveCfg = Release|Any CPU
		{4D5DEC73-0CBD-4869-84ED-832F07282C6E}.Release|Any CPU.Build.0 = Release|Any CPU
		{4D5DEC73-0CBD-4869-84ED-832F07282C6E}.Release|ARM.ActiveCfg = Release|Any CPU
		{4D5DEC73-0CBD-4869-84ED-832F07282C6E}.Release|ARM.Build.0 = Release|Any CPU
		{4D5DEC73-0CBD-4869-84ED-832F07282C6E}.Release|iPhone.ActiveCfg = Release|Any CPU
		{4D5DEC73-0CBD-4869-84ED-832F07282C6E}.Release|iPhone.Build.0 = Release|Any CPU
		{4D5DEC73-0CBD-4869-84ED-832F07282C6E}.Release|iPhoneSimulator.ActiveCfg = Release|Any CPU
		{4D5DEC73-0CBD-4869-84ED-832F07282C6E}.Release|iPhoneSimulator.Build.0 = Release|Any CPU
		{4D5DEC73-0CBD-4869-84ED-832F07282C6E}.Release|x64.ActiveCfg = Release|Any CPU
		{4D5DEC73-0CBD-4869-84ED-832F07282C6E}.Release|x64.Build.0 = Release|Any CPU
		{4D5DEC73-0CBD-4869-84ED-832F07282C6E}.Release|x86.ActiveCfg = Release|Any CPU
		{4D5DEC73-0CBD-4869-84ED-832F07282C6E}.Release|x86.Build.0 = Release|Any CPU
		{F1C6E348-C285-425F-86BB-818A1997E92C}.Debug|Any CPU.ActiveCfg = Debug|Any CPU
		{F1C6E348-C285-425F-86BB-818A1997E92C}.Debug|Any CPU.Build.0 = Debug|Any CPU
		{F1C6E348-C285-425F-86BB-818A1997E92C}.Debug|ARM.ActiveCfg = Debug|Any CPU
		{F1C6E348-C285-425F-86BB-818A1997E92C}.Debug|ARM.Build.0 = Debug|Any CPU
		{F1C6E348-C285-425F-86BB-818A1997E92C}.Debug|iPhone.ActiveCfg = Debug|Any CPU
		{F1C6E348-C285-425F-86BB-818A1997E92C}.Debug|iPhone.Build.0 = Debug|Any CPU
		{F1C6E348-C285-425F-86BB-818A1997E92C}.Debug|iPhoneSimulator.ActiveCfg = Debug|Any CPU
		{F1C6E348-C285-425F-86BB-818A1997E92C}.Debug|iPhoneSimulator.Build.0 = Debug|Any CPU
		{F1C6E348-C285-425F-86BB-818A1997E92C}.Debug|x64.ActiveCfg = Debug|Any CPU
		{F1C6E348-C285-425F-86BB-818A1997E92C}.Debug|x64.Build.0 = Debug|Any CPU
		{F1C6E348-C285-425F-86BB-818A1997E92C}.Debug|x86.ActiveCfg = Debug|Any CPU
		{F1C6E348-C285-425F-86BB-818A1997E92C}.Debug|x86.Build.0 = Debug|Any CPU
		{F1C6E348-C285-425F-86BB-818A1997E92C}.Release|Any CPU.ActiveCfg = Release|Any CPU
		{F1C6E348-C285-425F-86BB-818A1997E92C}.Release|Any CPU.Build.0 = Release|Any CPU
		{F1C6E348-C285-425F-86BB-818A1997E92C}.Release|ARM.ActiveCfg = Release|Any CPU
		{F1C6E348-C285-425F-86BB-818A1997E92C}.Release|ARM.Build.0 = Release|Any CPU
		{F1C6E348-C285-425F-86BB-818A1997E92C}.Release|iPhone.ActiveCfg = Release|Any CPU
		{F1C6E348-C285-425F-86BB-818A1997E92C}.Release|iPhone.Build.0 = Release|Any CPU
		{F1C6E348-C285-425F-86BB-818A1997E92C}.Release|iPhoneSimulator.ActiveCfg = Release|Any CPU
		{F1C6E348-C285-425F-86BB-818A1997E92C}.Release|iPhoneSimulator.Build.0 = Release|Any CPU
		{F1C6E348-C285-425F-86BB-818A1997E92C}.Release|x64.ActiveCfg = Release|Any CPU
		{F1C6E348-C285-425F-86BB-818A1997E92C}.Release|x64.Build.0 = Release|Any CPU
		{F1C6E348-C285-425F-86BB-818A1997E92C}.Release|x86.ActiveCfg = Release|Any CPU
		{F1C6E348-C285-425F-86BB-818A1997E92C}.Release|x86.Build.0 = Release|Any CPU
		{2BEB8F16-02D4-4719-9FF0-71A63527088A}.Debug|Any CPU.ActiveCfg = Debug|Any CPU
		{2BEB8F16-02D4-4719-9FF0-71A63527088A}.Debug|Any CPU.Build.0 = Debug|Any CPU
		{2BEB8F16-02D4-4719-9FF0-71A63527088A}.Debug|ARM.ActiveCfg = Debug|Any CPU
		{2BEB8F16-02D4-4719-9FF0-71A63527088A}.Debug|ARM.Build.0 = Debug|Any CPU
		{2BEB8F16-02D4-4719-9FF0-71A63527088A}.Debug|iPhone.ActiveCfg = Debug|Any CPU
		{2BEB8F16-02D4-4719-9FF0-71A63527088A}.Debug|iPhone.Build.0 = Debug|Any CPU
		{2BEB8F16-02D4-4719-9FF0-71A63527088A}.Debug|iPhoneSimulator.ActiveCfg = Debug|Any CPU
		{2BEB8F16-02D4-4719-9FF0-71A63527088A}.Debug|iPhoneSimulator.Build.0 = Debug|Any CPU
		{2BEB8F16-02D4-4719-9FF0-71A63527088A}.Debug|x64.ActiveCfg = Debug|Any CPU
		{2BEB8F16-02D4-4719-9FF0-71A63527088A}.Debug|x64.Build.0 = Debug|Any CPU
		{2BEB8F16-02D4-4719-9FF0-71A63527088A}.Debug|x86.ActiveCfg = Debug|Any CPU
		{2BEB8F16-02D4-4719-9FF0-71A63527088A}.Debug|x86.Build.0 = Debug|Any CPU
		{2BEB8F16-02D4-4719-9FF0-71A63527088A}.Release|Any CPU.ActiveCfg = Release|Any CPU
		{2BEB8F16-02D4-4719-9FF0-71A63527088A}.Release|Any CPU.Build.0 = Release|Any CPU
		{2BEB8F16-02D4-4719-9FF0-71A63527088A}.Release|ARM.ActiveCfg = Release|Any CPU
		{2BEB8F16-02D4-4719-9FF0-71A63527088A}.Release|ARM.Build.0 = Release|Any CPU
		{2BEB8F16-02D4-4719-9FF0-71A63527088A}.Release|iPhone.ActiveCfg = Release|Any CPU
		{2BEB8F16-02D4-4719-9FF0-71A63527088A}.Release|iPhone.Build.0 = Release|Any CPU
		{2BEB8F16-02D4-4719-9FF0-71A63527088A}.Release|iPhoneSimulator.ActiveCfg = Release|Any CPU
		{2BEB8F16-02D4-4719-9FF0-71A63527088A}.Release|iPhoneSimulator.Build.0 = Release|Any CPU
		{2BEB8F16-02D4-4719-9FF0-71A63527088A}.Release|x64.ActiveCfg = Release|Any CPU
		{2BEB8F16-02D4-4719-9FF0-71A63527088A}.Release|x64.Build.0 = Release|Any CPU
		{2BEB8F16-02D4-4719-9FF0-71A63527088A}.Release|x86.ActiveCfg = Release|Any CPU
		{2BEB8F16-02D4-4719-9FF0-71A63527088A}.Release|x86.Build.0 = Release|Any CPU
		{CB0543C8-ECAE-4346-8D94-9E53A6FF4299}.Debug|Any CPU.ActiveCfg = Debug|x86
		{CB0543C8-ECAE-4346-8D94-9E53A6FF4299}.Debug|ARM.ActiveCfg = Debug|ARM
		{CB0543C8-ECAE-4346-8D94-9E53A6FF4299}.Debug|ARM.Build.0 = Debug|ARM
		{CB0543C8-ECAE-4346-8D94-9E53A6FF4299}.Debug|ARM.Deploy.0 = Debug|ARM
		{CB0543C8-ECAE-4346-8D94-9E53A6FF4299}.Debug|iPhone.ActiveCfg = Debug|x86
		{CB0543C8-ECAE-4346-8D94-9E53A6FF4299}.Debug|iPhoneSimulator.ActiveCfg = Debug|x86
		{CB0543C8-ECAE-4346-8D94-9E53A6FF4299}.Debug|x64.ActiveCfg = Debug|x64
		{CB0543C8-ECAE-4346-8D94-9E53A6FF4299}.Debug|x64.Build.0 = Debug|x64
		{CB0543C8-ECAE-4346-8D94-9E53A6FF4299}.Debug|x64.Deploy.0 = Debug|x64
		{CB0543C8-ECAE-4346-8D94-9E53A6FF4299}.Debug|x86.ActiveCfg = Debug|x86
		{CB0543C8-ECAE-4346-8D94-9E53A6FF4299}.Debug|x86.Build.0 = Debug|x86
		{CB0543C8-ECAE-4346-8D94-9E53A6FF4299}.Debug|x86.Deploy.0 = Debug|x86
		{CB0543C8-ECAE-4346-8D94-9E53A6FF4299}.Release|Any CPU.ActiveCfg = Release|x86
		{CB0543C8-ECAE-4346-8D94-9E53A6FF4299}.Release|ARM.ActiveCfg = Release|ARM
		{CB0543C8-ECAE-4346-8D94-9E53A6FF4299}.Release|ARM.Build.0 = Release|ARM
		{CB0543C8-ECAE-4346-8D94-9E53A6FF4299}.Release|ARM.Deploy.0 = Release|ARM
		{CB0543C8-ECAE-4346-8D94-9E53A6FF4299}.Release|iPhone.ActiveCfg = Release|x86
		{CB0543C8-ECAE-4346-8D94-9E53A6FF4299}.Release|iPhoneSimulator.ActiveCfg = Release|x86
		{CB0543C8-ECAE-4346-8D94-9E53A6FF4299}.Release|x64.ActiveCfg = Release|x64
		{CB0543C8-ECAE-4346-8D94-9E53A6FF4299}.Release|x64.Build.0 = Release|x64
		{CB0543C8-ECAE-4346-8D94-9E53A6FF4299}.Release|x64.Deploy.0 = Release|x64
		{CB0543C8-ECAE-4346-8D94-9E53A6FF4299}.Release|x86.ActiveCfg = Release|x86
		{CB0543C8-ECAE-4346-8D94-9E53A6FF4299}.Release|x86.Build.0 = Release|x86
		{CB0543C8-ECAE-4346-8D94-9E53A6FF4299}.Release|x86.Deploy.0 = Release|x86
		{3988C542-C57C-4BCA-B382-9D3FD46F49E1}.Debug|Any CPU.ActiveCfg = Debug|Any CPU
		{3988C542-C57C-4BCA-B382-9D3FD46F49E1}.Debug|Any CPU.Build.0 = Debug|Any CPU
		{3988C542-C57C-4BCA-B382-9D3FD46F49E1}.Debug|Any CPU.Deploy.0 = Debug|Any CPU
		{3988C542-C57C-4BCA-B382-9D3FD46F49E1}.Debug|ARM.ActiveCfg = Debug|Any CPU
		{3988C542-C57C-4BCA-B382-9D3FD46F49E1}.Debug|ARM.Build.0 = Debug|Any CPU
		{3988C542-C57C-4BCA-B382-9D3FD46F49E1}.Debug|ARM.Deploy.0 = Debug|Any CPU
		{3988C542-C57C-4BCA-B382-9D3FD46F49E1}.Debug|iPhone.ActiveCfg = Debug|Any CPU
		{3988C542-C57C-4BCA-B382-9D3FD46F49E1}.Debug|iPhone.Build.0 = Debug|Any CPU
		{3988C542-C57C-4BCA-B382-9D3FD46F49E1}.Debug|iPhone.Deploy.0 = Debug|Any CPU
		{3988C542-C57C-4BCA-B382-9D3FD46F49E1}.Debug|iPhoneSimulator.ActiveCfg = Debug|Any CPU
		{3988C542-C57C-4BCA-B382-9D3FD46F49E1}.Debug|iPhoneSimulator.Build.0 = Debug|Any CPU
		{3988C542-C57C-4BCA-B382-9D3FD46F49E1}.Debug|iPhoneSimulator.Deploy.0 = Debug|Any CPU
		{3988C542-C57C-4BCA-B382-9D3FD46F49E1}.Debug|x64.ActiveCfg = Debug|Any CPU
		{3988C542-C57C-4BCA-B382-9D3FD46F49E1}.Debug|x64.Build.0 = Debug|Any CPU
		{3988C542-C57C-4BCA-B382-9D3FD46F49E1}.Debug|x64.Deploy.0 = Debug|Any CPU
		{3988C542-C57C-4BCA-B382-9D3FD46F49E1}.Debug|x86.ActiveCfg = Debug|Any CPU
		{3988C542-C57C-4BCA-B382-9D3FD46F49E1}.Debug|x86.Build.0 = Debug|Any CPU
		{3988C542-C57C-4BCA-B382-9D3FD46F49E1}.Debug|x86.Deploy.0 = Debug|Any CPU
		{3988C542-C57C-4BCA-B382-9D3FD46F49E1}.Release|Any CPU.ActiveCfg = Release|Any CPU
		{3988C542-C57C-4BCA-B382-9D3FD46F49E1}.Release|Any CPU.Build.0 = Release|Any CPU
		{3988C542-C57C-4BCA-B382-9D3FD46F49E1}.Release|Any CPU.Deploy.0 = Release|Any CPU
		{3988C542-C57C-4BCA-B382-9D3FD46F49E1}.Release|ARM.ActiveCfg = Release|Any CPU
		{3988C542-C57C-4BCA-B382-9D3FD46F49E1}.Release|ARM.Build.0 = Release|Any CPU
		{3988C542-C57C-4BCA-B382-9D3FD46F49E1}.Release|ARM.Deploy.0 = Release|Any CPU
		{3988C542-C57C-4BCA-B382-9D3FD46F49E1}.Release|iPhone.ActiveCfg = Release|Any CPU
		{3988C542-C57C-4BCA-B382-9D3FD46F49E1}.Release|iPhone.Build.0 = Release|Any CPU
		{3988C542-C57C-4BCA-B382-9D3FD46F49E1}.Release|iPhone.Deploy.0 = Release|Any CPU
		{3988C542-C57C-4BCA-B382-9D3FD46F49E1}.Release|iPhoneSimulator.ActiveCfg = Release|Any CPU
		{3988C542-C57C-4BCA-B382-9D3FD46F49E1}.Release|iPhoneSimulator.Build.0 = Release|Any CPU
		{3988C542-C57C-4BCA-B382-9D3FD46F49E1}.Release|iPhoneSimulator.Deploy.0 = Release|Any CPU
		{3988C542-C57C-4BCA-B382-9D3FD46F49E1}.Release|x64.ActiveCfg = Release|Any CPU
		{3988C542-C57C-4BCA-B382-9D3FD46F49E1}.Release|x64.Build.0 = Release|Any CPU
		{3988C542-C57C-4BCA-B382-9D3FD46F49E1}.Release|x64.Deploy.0 = Release|Any CPU
		{3988C542-C57C-4BCA-B382-9D3FD46F49E1}.Release|x86.ActiveCfg = Release|Any CPU
		{3988C542-C57C-4BCA-B382-9D3FD46F49E1}.Release|x86.Build.0 = Release|Any CPU
		{3988C542-C57C-4BCA-B382-9D3FD46F49E1}.Release|x86.Deploy.0 = Release|Any CPU
		{50C08D6C-4932-4E11-907F-5948E5D56465}.Debug|Any CPU.ActiveCfg = Debug|iPhone
		{50C08D6C-4932-4E11-907F-5948E5D56465}.Debug|ARM.ActiveCfg = Debug|iPhone
		{50C08D6C-4932-4E11-907F-5948E5D56465}.Debug|iPhone.ActiveCfg = Debug|iPhone
		{50C08D6C-4932-4E11-907F-5948E5D56465}.Debug|iPhone.Build.0 = Debug|iPhone
		{50C08D6C-4932-4E11-907F-5948E5D56465}.Debug|iPhoneSimulator.ActiveCfg = Debug|iPhoneSimulator
		{50C08D6C-4932-4E11-907F-5948E5D56465}.Debug|iPhoneSimulator.Build.0 = Debug|iPhoneSimulator
		{50C08D6C-4932-4E11-907F-5948E5D56465}.Debug|x64.ActiveCfg = Debug|iPhone
		{50C08D6C-4932-4E11-907F-5948E5D56465}.Debug|x86.ActiveCfg = Debug|iPhone
		{50C08D6C-4932-4E11-907F-5948E5D56465}.Release|Any CPU.ActiveCfg = Release|iPhone
		{50C08D6C-4932-4E11-907F-5948E5D56465}.Release|ARM.ActiveCfg = Release|iPhone
		{50C08D6C-4932-4E11-907F-5948E5D56465}.Release|iPhone.ActiveCfg = Release|iPhone
		{50C08D6C-4932-4E11-907F-5948E5D56465}.Release|iPhone.Build.0 = Release|iPhone
		{50C08D6C-4932-4E11-907F-5948E5D56465}.Release|iPhoneSimulator.ActiveCfg = Release|iPhoneSimulator
		{50C08D6C-4932-4E11-907F-5948E5D56465}.Release|iPhoneSimulator.Build.0 = Release|iPhoneSimulator
		{50C08D6C-4932-4E11-907F-5948E5D56465}.Release|x64.ActiveCfg = Release|iPhone
		{50C08D6C-4932-4E11-907F-5948E5D56465}.Release|x86.ActiveCfg = Release|iPhone
		{A4AA145F-C5E5-4BDB-9544-255C9E749FFC}.Debug|Any CPU.ActiveCfg = Debug|Any CPU
		{A4AA145F-C5E5-4BDB-9544-255C9E749FFC}.Debug|Any CPU.Build.0 = Debug|Any CPU
		{A4AA145F-C5E5-4BDB-9544-255C9E749FFC}.Debug|ARM.ActiveCfg = Debug|Any CPU
		{A4AA145F-C5E5-4BDB-9544-255C9E749FFC}.Debug|ARM.Build.0 = Debug|Any CPU
		{A4AA145F-C5E5-4BDB-9544-255C9E749FFC}.Debug|iPhone.ActiveCfg = Debug|Any CPU
		{A4AA145F-C5E5-4BDB-9544-255C9E749FFC}.Debug|iPhone.Build.0 = Debug|Any CPU
		{A4AA145F-C5E5-4BDB-9544-255C9E749FFC}.Debug|iPhoneSimulator.ActiveCfg = Debug|Any CPU
		{A4AA145F-C5E5-4BDB-9544-255C9E749FFC}.Debug|iPhoneSimulator.Build.0 = Debug|Any CPU
		{A4AA145F-C5E5-4BDB-9544-255C9E749FFC}.Debug|x64.ActiveCfg = Debug|Any CPU
		{A4AA145F-C5E5-4BDB-9544-255C9E749FFC}.Debug|x64.Build.0 = Debug|Any CPU
		{A4AA145F-C5E5-4BDB-9544-255C9E749FFC}.Debug|x86.ActiveCfg = Debug|Any CPU
		{A4AA145F-C5E5-4BDB-9544-255C9E749FFC}.Debug|x86.Build.0 = Debug|Any CPU
		{A4AA145F-C5E5-4BDB-9544-255C9E749FFC}.Release|Any CPU.ActiveCfg = Release|Any CPU
		{A4AA145F-C5E5-4BDB-9544-255C9E749FFC}.Release|Any CPU.Build.0 = Release|Any CPU
		{A4AA145F-C5E5-4BDB-9544-255C9E749FFC}.Release|ARM.ActiveCfg = Release|Any CPU
		{A4AA145F-C5E5-4BDB-9544-255C9E749FFC}.Release|ARM.Build.0 = Release|Any CPU
		{A4AA145F-C5E5-4BDB-9544-255C9E749FFC}.Release|iPhone.ActiveCfg = Release|Any CPU
		{A4AA145F-C5E5-4BDB-9544-255C9E749FFC}.Release|iPhone.Build.0 = Release|Any CPU
		{A4AA145F-C5E5-4BDB-9544-255C9E749FFC}.Release|iPhoneSimulator.ActiveCfg = Release|Any CPU
		{A4AA145F-C5E5-4BDB-9544-255C9E749FFC}.Release|iPhoneSimulator.Build.0 = Release|Any CPU
		{A4AA145F-C5E5-4BDB-9544-255C9E749FFC}.Release|x64.ActiveCfg = Release|Any CPU
		{A4AA145F-C5E5-4BDB-9544-255C9E749FFC}.Release|x64.Build.0 = Release|Any CPU
		{A4AA145F-C5E5-4BDB-9544-255C9E749FFC}.Release|x86.ActiveCfg = Release|Any CPU
		{A4AA145F-C5E5-4BDB-9544-255C9E749FFC}.Release|x86.Build.0 = Release|Any CPU
	EndGlobalSection
	GlobalSection(SolutionProperties) = preSolution
		HideSolutionNode = FALSE
	EndGlobalSection
	GlobalSection(NestedProjects) = preSolution
		{2BEB8F16-02D4-4719-9FF0-71A63527088A} = {67BF377B-0F87-426D-B8E6-09CE0FB5368F}
		{E7653D6F-3E00-422F-8836-2C1815C1ABAB} = {67BF377B-0F87-426D-B8E6-09CE0FB5368F}
		{CB0543C8-ECAE-4346-8D94-9E53A6FF4299} = {E7653D6F-3E00-422F-8836-2C1815C1ABAB}
		{3988C542-C57C-4BCA-B382-9D3FD46F49E1} = {E7653D6F-3E00-422F-8836-2C1815C1ABAB}
		{50C08D6C-4932-4E11-907F-5948E5D56465} = {E7653D6F-3E00-422F-8836-2C1815C1ABAB}
		{A4AA145F-C5E5-4BDB-9544-255C9E749FFC} = {E7653D6F-3E00-422F-8836-2C1815C1ABAB}
	EndGlobalSection
	GlobalSection(ExtensibilityGlobals) = postSolution
		SolutionGuid = {AD0274FB-E204-4CF3-A1C7-24DCDC5D1980}
	EndGlobalSection
EndGlobal
